
Microsoft Visual Studio Solution File, Format Version 12.00
# Visual Studio Version 17
VisualStudioVersion = 17.3.32901.215
MinimumVisualStudioVersion = 10.0.40219.1
Project("{FAE04EC0-301F-11D3-BF4B-00C04F79EFBC}") = "InterfaceAssign", "InterfaceAssign\InterfaceAssign.csproj", "{EEB5CCDA-FB4D-4BB0-8DCE-31131831AF52}"
EndProject
Global
	GlobalSection(SolutionConfigurationPlatforms) = preSolution
		Debug|Any CPU = Debug|Any CPU
		Release|Any CPU = Release|Any CPU
	EndGlobalSection
	GlobalSection(ProjectConfigurationPlatforms) = postSolution
		{EEB5CCDA-FB4D-4BB0-8DCE-31131831AF52}.Debug|Any CPU.ActiveCfg = Debug|Any CPU
		{EEB5CCDA-FB4D-4BB0-8DCE-31131831AF52}.Debug|Any CPU.Build.0 = Debug|Any CPU
		{EEB5CCDA-FB4D-4BB0-8DCE-31131831AF52}.Release|Any CPU.ActiveCfg = Release|Any CPU
		{EEB5CCDA-FB4D-4BB0-8DCE-31131831AF52}.Release|Any CPU.Build.0 = Release|Any CPU
	EndGlobalSection
	GlobalSection(SolutionProperties) = preSolution
		HideSolutionNode = FALSE
	EndGlobalSection
	GlobalSection(ExtensibilityGlobals) = postSolution
		SolutionGuid = {2F7D439B-8E8E-4290-B46D-597C8D6D6D74}
	EndGlobalSection
EndGlobal
