
Microsoft Visual Studio Solution File, Format Version 12.00
# Visual Studio Version 17
VisualStudioVersion = 17.1.32421.90
MinimumVisualStudioVersion = 10.0.40219.1
Project("{FAE04EC0-301F-11D3-BF4B-00C04F79EFBC}") = "ConstructorAssign", "ConstructorAssign\ConstructorAssign.csproj", "{ABDC7D31-FDF0-419B-B96E-6FEF136D6AD5}"
EndProject
Global
	GlobalSection(SolutionConfigurationPlatforms) = preSolution
		Debug|Any CPU = Debug|Any CPU
		Release|Any CPU = Release|Any CPU
	EndGlobalSection
	GlobalSection(ProjectConfigurationPlatforms) = postSolution
		{ABDC7D31-FDF0-419B-B96E-6FEF136D6AD5}.Debug|Any CPU.ActiveCfg = Debug|Any CPU
		{ABDC7D31-FDF0-419B-B96E-6FEF136D6AD5}.Debug|Any CPU.Build.0 = Debug|Any CPU
		{ABDC7D31-FDF0-419B-B96E-6FEF136D6AD5}.Release|Any CPU.ActiveCfg = Release|Any CPU
		{ABDC7D31-FDF0-419B-B96E-6FEF136D6AD5}.Release|Any CPU.Build.0 = Release|Any CPU
	EndGlobalSection
	GlobalSection(SolutionProperties) = preSolution
		HideSolutionNode = FALSE
	EndGlobalSection
	GlobalSection(ExtensibilityGlobals) = postSolution
		SolutionGuid = {C3C41938-766C-4A07-9717-18078C8082DE}
	EndGlobalSection
EndGlobal
